// !$*UTF8*$!
{
	archiveVersion = 1;
	classes = {
	};
	objectVersion = 55;
	objects = {

/* Begin PBXBuildFile section */
		00553F7D277BACA7002325E6 /* AppDelegate.swift in Sources */ = {isa = PBXBuildFile; fileRef = 00553F7C277BACA7002325E6 /* AppDelegate.swift */; };
		00553F7F277BACA7002325E6 /* SceneDelegate.swift in Sources */ = {isa = PBXBuildFile; fileRef = 00553F7E277BACA7002325E6 /* SceneDelegate.swift */; };
		00553F81277BACA7002325E6 /* ViewController.swift in Sources */ = {isa = PBXBuildFile; fileRef = 00553F80277BACA7002325E6 /* ViewController.swift */; };
		00553F84277BACA7002325E6 /* Main.storyboard in Resources */ = {isa = PBXBuildFile; fileRef = 00553F82277BACA7002325E6 /* Main.storyboard */; };
		00553F86277BACA8002325E6 /* Assets.xcassets in Resources */ = {isa = PBXBuildFile; fileRef = 00553F85277BACA8002325E6 /* Assets.xcassets */; };
		00553F89277BACA8002325E6 /* LaunchScreen.storyboard in Resources */ = {isa = PBXBuildFile; fileRef = 00553F87277BACA8002325E6 /* LaunchScreen.storyboard */; };
		00553F94277BACA8002325E6 /* SwiftEvolutionProposalTests.swift in Sources */ = {isa = PBXBuildFile; fileRef = 00553F93277BACA8002325E6 /* SwiftEvolutionProposalTests.swift */; };
		00553F9E277BACA8002325E6 /* SwiftEvolutionProposalUITests.swift in Sources */ = {isa = PBXBuildFile; fileRef = 00553F9D277BACA8002325E6 /* SwiftEvolutionProposalUITests.swift */; };
		00553FA0277BACA8002325E6 /* SwiftEvolutionProposalUITestsLaunchTests.swift in Sources */ = {isa = PBXBuildFile; fileRef = 00553F9F277BACA8002325E6 /* SwiftEvolutionProposalUITestsLaunchTests.swift */; };
/* End PBXBuildFile section */

/* Begin PBXContainerItemProxy section */
		00553F90277BACA8002325E6 /* PBXContainerItemProxy */ = {
			isa = PBXContainerItemProxy;
			containerPortal = 00553F71277BACA7002325E6 /* Project object */;
			proxyType = 1;
			remoteGlobalIDString = 00553F78277BACA7002325E6;
			remoteInfo = SwiftEvolutionProposal;
		};
		00553F9A277BACA8002325E6 /* PBXContainerItemProxy */ = {
			isa = PBXContainerItemProxy;
			containerPortal = 00553F71277BACA7002325E6 /* Project object */;
			proxyType = 1;
			remoteGlobalIDString = 00553F78277BACA7002325E6;
			remoteInfo = SwiftEvolutionProposal;
		};
/* End PBXContainerItemProxy section */

/* Begin PBXFileReference section */
		00553F79277BACA7002325E6 /* SwiftEvolutionProposal.app */ = {isa = PBXFileReference; explicitFileType = wrapper.application; includeInIndex = 0; path = SwiftEvolutionProposal.app; sourceTree = BUILT_PRODUCTS_DIR; };
		00553F7C277BACA7002325E6 /* AppDelegate.swift */ = {isa = PBXFileReference; lastKnownFileType = sourcecode.swift; path = AppDelegate.swift; sourceTree = "<group>"; };
		00553F7E277BACA7002325E6 /* SceneDelegate.swift */ = {isa = PBXFileReference; lastKnownFileType = sourcecode.swift; path = SceneDelegate.swift; sourceTree = "<group>"; };
		00553F80277BACA7002325E6 /* ViewController.swift */ = {isa = PBXFileReference; lastKnownFileType = sourcecode.swift; path = ViewController.swift; sourceTree = "<group>"; };
		00553F83277BACA7002325E6 /* Base */ = {isa = PBXFileReference; lastKnownFileType = file.storyboard; name = Base; path = Base.lproj/Main.storyboard; sourceTree = "<group>"; };
		00553F85277BACA8002325E6 /* Assets.xcassets */ = {isa = PBXFileReference; lastKnownFileType = folder.assetcatalog; path = Assets.xcassets; sourceTree = "<group>"; };
		00553F88277BACA8002325E6 /* Base */ = {isa = PBXFileReference; lastKnownFileType = file.storyboard; name = Base; path = Base.lproj/LaunchScreen.storyboard; sourceTree = "<group>"; };
		00553F8A277BACA8002325E6 /* Info.plist */ = {isa = PBXFileReference; lastKnownFileType = text.plist.xml; path = Info.plist; sourceTree = "<group>"; };
		00553F8F277BACA8002325E6 /* SwiftEvolutionProposalTests.xctest */ = {isa = PBXFileReference; explicitFileType = wrapper.cfbundle; includeInIndex = 0; path = SwiftEvolutionProposalTests.xctest; sourceTree = BUILT_PRODUCTS_DIR; };
		00553F93277BACA8002325E6 /* SwiftEvolutionProposalTests.swift */ = {isa = PBXFileReference; lastKnownFileType = sourcecode.swift; path = SwiftEvolutionProposalTests.swift; sourceTree = "<group>"; };
		00553F99277BACA8002325E6 /* SwiftEvolutionProposalUITests.xctest */ = {isa = PBXFileReference; explicitFileType = wrapper.cfbundle; includeInIndex = 0; path = SwiftEvolutionProposalUITests.xctest; sourceTree = BUILT_PRODUCTS_DIR; };
		00553F9D277BACA8002325E6 /* SwiftEvolutionProposalUITests.swift */ = {isa = PBXFileReference; lastKnownFileType = sourcecode.swift; path = SwiftEvolutionProposalUITests.swift; sourceTree = "<group>"; };
		00553F9F277BACA8002325E6 /* SwiftEvolutionProposalUITestsLaunchTests.swift */ = {isa = PBXFileReference; lastKnownFileType = sourcecode.swift; path = SwiftEvolutionProposalUITestsLaunchTests.swift; sourceTree = "<group>"; };
/* End PBXFileReference section */

/* Begin PBXFrameworksBuildPhase section */
		00553F76277BACA7002325E6 /* Frameworks */ = {
			isa = PBXFrameworksBuildPhase;
			buildActionMask = 2147483647;
			files = (
			);
			runOnlyForDeploymentPostprocessing = 0;
		};
		00553F8C277BACA8002325E6 /* Frameworks */ = {
			isa = PBXFrameworksBuildPhase;
			buildActionMask = 2147483647;
			files = (
			);
			runOnlyForDeploymentPostprocessing = 0;
		};
		00553F96277BACA8002325E6 /* Frameworks */ = {
			isa = PBXFrameworksBuildPhase;
			buildActionMask = 2147483647;
			files = (
			);
			runOnlyForDeploymentPostprocessing = 0;
		};
/* End PBXFrameworksBuildPhase section */

/* Begin PBXGroup section */
		00553F70277BACA7002325E6 = {
			isa = PBXGroup;
			children = (
				00553F7B277BACA7002325E6 /* SwiftEvolutionProposal */,
				00553F92277BACA8002325E6 /* SwiftEvolutionProposalTests */,
				00553F9C277BACA8002325E6 /* SwiftEvolutionProposalUITests */,
				00553F7A277BACA7002325E6 /* Products */,
			);
			sourceTree = "<group>";
		};
		00553F7A277BACA7002325E6 /* Products */ = {
			isa = PBXGroup;
			children = (
				00553F79277BACA7002325E6 /* SwiftEvolutionProposal.app */,
				00553F8F277BACA8002325E6 /* SwiftEvolutionProposalTests.xctest */,
				00553F99277BACA8002325E6 /* SwiftEvolutionProposalUITests.xctest */,
			);
			name = Products;
			sourceTree = "<group>";
		};
		00553F7B277BACA7002325E6 /* SwiftEvolutionProposal */ = {
			isa = PBXGroup;
			children = (
				00553F7C277BACA7002325E6 /* AppDelegate.swift */,
				00553F7E277BACA7002325E6 /* SceneDelegate.swift */,
				00553F80277BACA7002325E6 /* ViewController.swift */,
				00553F82277BACA7002325E6 /* Main.storyboard */,
				00553F85277BACA8002325E6 /* Assets.xcassets */,
				00553F87277BACA8002325E6 /* LaunchScreen.storyboard */,
				00553F8A277BACA8002325E6 /* Info.plist */,
			);
			path = SwiftEvolutionProposal;
			sourceTree = "<group>";
		};
		00553F92277BACA8002325E6 /* SwiftEvolutionProposalTests */ = {
			isa = PBXGroup;
			children = (
				00553F93277BACA8002325E6 /* SwiftEvolutionProposalTests.swift */,
			);
			path = SwiftEvolutionProposalTests;
			sourceTree = "<group>";
		};
		00553F9C277BACA8002325E6 /* SwiftEvolutionProposalUITests */ = {
			isa = PBXGroup;
			children = (
				00553F9D277BACA8002325E6 /* SwiftEvolutionProposalUITests.swift */,
				00553F9F277BACA8002325E6 /* SwiftEvolutionProposalUITestsLaunchTests.swift */,
			);
			path = SwiftEvolutionProposalUITests;
			sourceTree = "<group>";
		};
/* End PBXGroup section */

/* Begin PBXNativeTarget section */
		00553F78277BACA7002325E6 /* SwiftEvolutionProposal */ = {
			isa = PBXNativeTarget;
			buildConfigurationList = 00553FA3277BACA8002325E6 /* Build configuration list for PBXNativeTarget "SwiftEvolutionProposal" */;
			buildPhases = (
				00553F75277BACA7002325E6 /* Sources */,
				00553F76277BACA7002325E6 /* Frameworks */,
				00553F77277BACA7002325E6 /* Resources */,
			);
			buildRules = (
			);
			dependencies = (
			);
			name = SwiftEvolutionProposal;
			productName = SwiftEvolutionProposal;
			productReference = 00553F79277BACA7002325E6 /* SwiftEvolutionProposal.app */;
			productType = "com.apple.product-type.application";
		};
		00553F8E277BACA8002325E6 /* SwiftEvolutionProposalTests */ = {
			isa = PBXNativeTarget;
			buildConfigurationList = 00553FA6277BACA8002325E6 /* Build configuration list for PBXNativeTarget "SwiftEvolutionProposalTests" */;
			buildPhases = (
				00553F8B277BACA8002325E6 /* Sources */,
				00553F8C277BACA8002325E6 /* Frameworks */,
				00553F8D277BACA8002325E6 /* Resources */,
			);
			buildRules = (
			);
			dependencies = (
				00553F91277BACA8002325E6 /* PBXTargetDependency */,
			);
			name = SwiftEvolutionProposalTests;
			productName = SwiftEvolutionProposalTests;
			productReference = 00553F8F277BACA8002325E6 /* SwiftEvolutionProposalTests.xctest */;
			productType = "com.apple.product-type.bundle.unit-test";
		};
		00553F98277BACA8002325E6 /* SwiftEvolutionProposalUITests */ = {
			isa = PBXNativeTarget;
			buildConfigurationList = 00553FA9277BACA8002325E6 /* Build configuration list for PBXNativeTarget "SwiftEvolutionProposalUITests" */;
			buildPhases = (
				00553F95277BACA8002325E6 /* Sources */,
				00553F96277BACA8002325E6 /* Frameworks */,
				00553F97277BACA8002325E6 /* Resources */,
			);
			buildRules = (
			);
			dependencies = (
				00553F9B277BACA8002325E6 /* PBXTargetDependency */,
			);
			name = SwiftEvolutionProposalUITests;
			productName = SwiftEvolutionProposalUITests;
			productReference = 00553F99277BACA8002325E6 /* SwiftEvolutionProposalUITests.xctest */;
			productType = "com.apple.product-type.bundle.ui-testing";
		};
/* End PBXNativeTarget section */

/* Begin PBXProject section */
		00553F71277BACA7002325E6 /* Project object */ = {
			isa = PBXProject;
			attributes = {
				BuildIndependentTargetsInParallel = 1;
				LastSwiftUpdateCheck = 1320;
				LastUpgradeCheck = 1320;
				TargetAttributes = {
					00553F78277BACA7002325E6 = {
						CreatedOnToolsVersion = 13.2.1;
					};
					00553F8E277BACA8002325E6 = {
						CreatedOnToolsVersion = 13.2.1;
						TestTargetID = 00553F78277BACA7002325E6;
					};
					00553F98277BACA8002325E6 = {
						CreatedOnToolsVersion = 13.2.1;
						TestTargetID = 00553F78277BACA7002325E6;
					};
				};
			};
			buildConfigurationList = 00553F74277BACA7002325E6 /* Build configuration list for PBXProject "SwiftEvolutionProposal" */;
			compatibilityVersion = "Xcode 13.0";
			developmentRegion = en;
			hasScannedForEncodings = 0;
			knownRegions = (
				en,
				Base,
			);
			mainGroup = 00553F70277BACA7002325E6;
			productRefGroup = 00553F7A277BACA7002325E6 /* Products */;
			projectDirPath = "";
			projectRoot = "";
			targets = (
				00553F78277BACA7002325E6 /* SwiftEvolutionProposal */,
				00553F8E277BACA8002325E6 /* SwiftEvolutionProposalTests */,
				00553F98277BACA8002325E6 /* SwiftEvolutionProposalUITests */,
			);
		};
/* End PBXProject section */

/* Begin PBXResourcesBuildPhase section */
		00553F77277BACA7002325E6 /* Resources */ = {
			isa = PBXResourcesBuildPhase;
			buildActionMask = 2147483647;
			files = (
				00553F89277BACA8002325E6 /* LaunchScreen.storyboard in Resources */,
				00553F86277BACA8002325E6 /* Assets.xcassets in Resources */,
				00553F84277BACA7002325E6 /* Main.storyboard in Resources */,
			);
			runOnlyForDeploymentPostprocessing = 0;
		};
		00553F8D277BACA8002325E6 /* Resources */ = {
			isa = PBXResourcesBuildPhase;
			buildActionMask = 2147483647;
			files = (
			);
			runOnlyForDeploymentPostprocessing = 0;
		};
		00553F97277BACA8002325E6 /* Resources */ = {
			isa = PBXResourcesBuildPhase;
			buildActionMask = 2147483647;
			files = (
			);
			runOnlyForDeploymentPostprocessing = 0;
		};
/* End PBXResourcesBuildPhase section */

/* Begin PBXSourcesBuildPhase section */
		00553F75277BACA7002325E6 /* Sources */ = {
			isa = PBXSourcesBuildPhase;
			buildActionMask = 2147483647;
			files = (
				00553F81277BACA7002325E6 /* ViewController.swift in Sources */,
				00553F7D277BACA7002325E6 /* AppDelegate.swift in Sources */,
				00553F7F277BACA7002325E6 /* SceneDelegate.swift in Sources */,
			);
			runOnlyForDeploymentPostprocessing = 0;
		};
		00553F8B277BACA8002325E6 /* Sources */ = {
			isa = PBXSourcesBuildPhase;
			buildActionMask = 2147483647;
			files = (
				00553F94277BACA8002325E6 /* SwiftEvolutionProposalTests.swift in Sources */,
			);
			runOnlyForDeploymentPostprocessing = 0;
		};
		00553F95277BACA8002325E6 /* Sources */ = {
			isa = PBXSourcesBuildPhase;
			buildActionMask = 2147483647;
			files = (
				00553FA0277BACA8002325E6 /* SwiftEvolutionProposalUITestsLaunchTests.swift in Sources */,
				00553F9E277BACA8002325E6 /* SwiftEvolutionProposalUITests.swift in Sources */,
			);
			runOnlyForDeploymentPostprocessing = 0;
		};
/* End PBXSourcesBuildPhase section */

/* Begin PBXTargetDependency section */
		00553F91277BACA8002325E6 /* PBXTargetDependency */ = {
			isa = PBXTargetDependency;
			target = 00553F78277BACA7002325E6 /* SwiftEvolutionProposal */;
			targetProxy = 00553F90277BACA8002325E6 /* PBXContainerItemProxy */;
		};
		00553F9B277BACA8002325E6 /* PBXTargetDependency */ = {
			isa = PBXTargetDependency;
			target = 00553F78277BACA7002325E6 /* SwiftEvolutionProposal */;
			targetProxy = 00553F9A277BACA8002325E6 /* PBXContainerItemProxy */;
		};
/* End PBXTargetDependency section */

/* Begin PBXVariantGroup section */
		00553F82277BACA7002325E6 /* Main.storyboard */ = {
			isa = PBXVariantGroup;
			children = (
				00553F83277BACA7002325E6 /* Base */,
			);
			name = Main.storyboard;
			sourceTree = "<group>";
		};
		00553F87277BACA8002325E6 /* LaunchScreen.storyboard */ = {
			isa = PBXVariantGroup;
			children = (
				00553F88277BACA8002325E6 /* Base */,
			);
			name = LaunchScreen.storyboard;
			sourceTree = "<group>";
		};
/* End PBXVariantGroup section */

/* Begin XCBuildConfiguration section */
		00553FA1277BACA8002325E6 /* Debug */ = {
			isa = XCBuildConfiguration;
			buildSettings = {
				ALWAYS_SEARCH_USER_PATHS = NO;
				CLANG_ANALYZER_NONNULL = YES;
				CLANG_ANALYZER_NUMBER_OBJECT_CONVERSION = YES_AGGRESSIVE;
				CLANG_CXX_LANGUAGE_STANDARD = "gnu++17";
				CLANG_CXX_LIBRARY = "libc++";
				CLANG_ENABLE_MODULES = YES;
				CLANG_ENABLE_OBJC_ARC = YES;
				CLANG_ENABLE_OBJC_WEAK = YES;
				CLANG_WARN_BLOCK_CAPTURE_AUTORELEASING = YES;
				CLANG_WARN_BOOL_CONVERSION = YES;
				CLANG_WARN_COMMA = YES;
				CLANG_WARN_CONSTANT_CONVERSION = YES;
				CLANG_WARN_DEPRECATED_OBJC_IMPLEMENTATIONS = YES;
				CLANG_WARN_DIRECT_OBJC_ISA_USAGE = YES_ERROR;
				CLANG_WARN_DOCUMENTATION_COMMENTS = YES;
				CLANG_WARN_EMPTY_BODY = YES;
				CLANG_WARN_ENUM_CONVERSION = YES;
				CLANG_WARN_INFINITE_RECURSION = YES;
				CLANG_WARN_INT_CONVERSION = YES;
				CLANG_WARN_NON_LITERAL_NULL_CONVERSION = YES;
				CLANG_WARN_OBJC_IMPLICIT_RETAIN_SELF = YES;
				CLANG_WARN_OBJC_LITERAL_CONVERSION = YES;
				CLANG_WARN_OBJC_ROOT_CLASS = YES_ERROR;
				CLANG_WARN_QUOTED_INCLUDE_IN_FRAMEWORK_HEADER = YES;
				CLANG_WARN_RANGE_LOOP_ANALYSIS = YES;
				CLANG_WARN_STRICT_PROTOTYPES = YES;
				CLANG_WARN_SUSPICIOUS_MOVE = YES;
				CLANG_WARN_UNGUARDED_AVAILABILITY = YES_AGGRESSIVE;
				CLANG_WARN_UNREACHABLE_CODE = YES;
				CLANG_WARN__DUPLICATE_METHOD_MATCH = YES;
				COPY_PHASE_STRIP = NO;
				DEBUG_INFORMATION_FORMAT = dwarf;
				ENABLE_STRICT_OBJC_MSGSEND = YES;
				ENABLE_TESTABILITY = YES;
				GCC_C_LANGUAGE_STANDARD = gnu11;
				GCC_DYNAMIC_NO_PIC = NO;
				GCC_NO_COMMON_BLOCKS = YES;
				GCC_OPTIMIZATION_LEVEL = 0;
				GCC_PREPROCESSOR_DEFINITIONS = (
					"DEBUG=1",
					"$(inherited)",
				);
				GCC_WARN_64_TO_32_BIT_CONVERSION = YES;
				GCC_WARN_ABOUT_RETURN_TYPE = YES_ERROR;
				GCC_WARN_UNDECLARED_SELECTOR = YES;
				GCC_WARN_UNINITIALIZED_AUTOS = YES_AGGRESSIVE;
				GCC_WARN_UNUSED_FUNCTION = YES;
				GCC_WARN_UNUSED_VARIABLE = YES;
				IPHONEOS_DEPLOYMENT_TARGET = 15.2;
				MTL_ENABLE_DEBUG_INFO = INCLUDE_SOURCE;
				MTL_FAST_MATH = YES;
				ONLY_ACTIVE_ARCH = YES;
				SDKROOT = iphoneos;
				SWIFT_ACTIVE_COMPILATION_CONDITIONS = DEBUG;
				SWIFT_OPTIMIZATION_LEVEL = "-Onone";
			};
			name = Debug;
		};
		00553FA2277BACA8002325E6 /* Release */ = {
			isa = XCBuildConfiguration;
			buildSettings = {
				ALWAYS_SEARCH_USER_PATHS = NO;
				CLANG_ANALYZER_NONNULL = YES;
				CLANG_ANALYZER_NUMBER_OBJECT_CONVERSION = YES_AGGRESSIVE;
				CLANG_CXX_LANGUAGE_STANDARD = "gnu++17";
				CLANG_CXX_LIBRARY = "libc++";
				CLANG_ENABLE_MODULES = YES;
				CLANG_ENABLE_OBJC_ARC = YES;
				CLANG_ENABLE_OBJC_WEAK = YES;
				CLANG_WARN_BLOCK_CAPTURE_AUTORELEASING = YES;
				CLANG_WARN_BOOL_CONVERSION = YES;
				CLANG_WARN_COMMA = YES;
				CLANG_WARN_CONSTANT_CONVERSION = YES;
				CLANG_WARN_DEPRECATED_OBJC_IMPLEMENTATIONS = YES;
				CLANG_WARN_DIRECT_OBJC_ISA_USAGE = YES_ERROR;
				CLANG_WARN_DOCUMENTATION_COMMENTS = YES;
				CLANG_WARN_EMPTY_BODY = YES;
				CLANG_WARN_ENUM_CONVERSION = YES;
				CLANG_WARN_INFINITE_RECURSION = YES;
				CLANG_WARN_INT_CONVERSION = YES;
				CLANG_WARN_NON_LITERAL_NULL_CONVERSION = YES;
				CLANG_WARN_OBJC_IMPLICIT_RETAIN_SELF = YES;
				CLANG_WARN_OBJC_LITERAL_CONVERSION = YES;
				CLANG_WARN_OBJC_ROOT_CLASS = YES_ERROR;
				CLANG_WARN_QUOTED_INCLUDE_IN_FRAMEWORK_HEADER = YES;
				CLANG_WARN_RANGE_LOOP_ANALYSIS = YES;
				CLANG_WARN_STRICT_PROTOTYPES = YES;
				CLANG_WARN_SUSPICIOUS_MOVE = YES;
				CLANG_WARN_UNGUARDED_AVAILABILITY = YES_AGGRESSIVE;
				CLANG_WARN_UNREACHABLE_CODE = YES;
				CLANG_WARN__DUPLICATE_METHOD_MATCH = YES;
				COPY_PHASE_STRIP = NO;
				DEBUG_INFORMATION_FORMAT = "dwarf-with-dsym";
				ENABLE_NS_ASSERTIONS = NO;
				ENABLE_STRICT_OBJC_MSGSEND = YES;
				GCC_C_LANGUAGE_STANDARD = gnu11;
				GCC_NO_COMMON_BLOCKS = YES;
				GCC_WARN_64_TO_32_BIT_CONVERSION = YES;
				GCC_WARN_ABOUT_RETURN_TYPE = YES_ERROR;
				GCC_WARN_UNDECLARED_SELECTOR = YES;
				GCC_WARN_UNINITIALIZED_AUTOS = YES_AGGRESSIVE;
				GCC_WARN_UNUSED_FUNCTION = YES;
				GCC_WARN_UNUSED_VARIABLE = YES;
				IPHONEOS_DEPLOYMENT_TARGET = 15.2;
				MTL_ENABLE_DEBUG_INFO = NO;
				MTL_FAST_MATH = YES;
				SDKROOT = iphoneos;
				SWIFT_COMPILATION_MODE = wholemodule;
				SWIFT_OPTIMIZATION_LEVEL = "-O";
				VALIDATE_PRODUCT = YES;
			};
			name = Release;
		};
		00553FA4277BACA8002325E6 /* Debug */ = {
			isa = XCBuildConfiguration;
			buildSettings = {
				ASSETCATALOG_COMPILER_APPICON_NAME = AppIcon;
				ASSETCATALOG_COMPILER_GLOBAL_ACCENT_COLOR_NAME = AccentColor;
				CODE_SIGN_STYLE = Automatic;
				CURRENT_PROJECT_VERSION = 1;
				DEVELOPMENT_TEAM = 6LCLXNHRLW;
				GENERATE_INFOPLIST_FILE = YES;
				INFOPLIST_FILE = SwiftEvolutionProposal/Info.plist;
				INFOPLIST_KEY_UIApplicationSupportsIndirectInputEvents = YES;
				INFOPLIST_KEY_UILaunchStoryboardName = LaunchScreen;
				INFOPLIST_KEY_UIMainStoryboardFile = Main;
				INFOPLIST_KEY_UISupportedInterfaceOrientations_iPad = "UIInterfaceOrientationPortrait UIInterfaceOrientationPortraitUpsideDown UIInterfaceOrientationLandscapeLeft UIInterfaceOrientationLandscapeRight";
				INFOPLIST_KEY_UISupportedInterfaceOrientations_iPhone = "UIInterfaceOrientationPortrait UIInterfaceOrientationLandscapeLeft UIInterfaceOrientationLandscapeRight";
				LD_RUNPATH_SEARCH_PATHS = (
					"$(inherited)",
					"@executable_path/Frameworks",
				);
				MARKETING_VERSION = 1.0;
				PRODUCT_BUNDLE_IDENTIFIER = com.aisoft.SwiftEvolutionProposal;
				PRODUCT_NAME = "$(TARGET_NAME)";
				SWIFT_EMIT_LOC_STRINGS = YES;
				SWIFT_VERSION = 5.0;
				TARGETED_DEVICE_FAMILY = "1,2";
			};
			name = Debug;
		};
		00553FA5277BACA8002325E6 /* Release */ = {
			isa = XCBuildConfiguration;
			buildSettings = {
				ASSETCATALOG_COMPILER_APPICON_NAME = AppIcon;
				ASSETCATALOG_COMPILER_GLOBAL_ACCENT_COLOR_NAME = AccentColor;
				CODE_SIGN_STYLE = Automatic;
				CURRENT_PROJECT_VERSION = 1;
				DEVELOPMENT_TEAM = 6LCLXNHRLW;
				GENERATE_INFOPLIST_FILE = YES;
				INFOPLIST_FILE = SwiftEvolutionProposal/Info.plist;
				INFOPLIST_KEY_UIApplicationSupportsIndirectInputEvents = YES;
				INFOPLIST_KEY_UILaunchStoryboardName = LaunchScreen;
				INFOPLIST_KEY_UIMainStoryboardFile = Main;
				INFOPLIST_KEY_UISupportedInterfaceOrientations_iPad = "UIInterfaceOrientationPortrait UIInterfaceOrientationPortraitUpsideDown UIInterfaceOrientationLandscapeLeft UIInterfaceOrientationLandscapeRight";
				INFOPLIST_KEY_UISupportedInterfaceOrientations_iPhone = "UIInterfaceOrientationPortrait UIInterfaceOrientationLandscapeLeft UIInterfaceOrientationLandscapeRight";
				LD_RUNPATH_SEARCH_PATHS = (
					"$(inherited)",
					"@executable_path/Frameworks",
				);
				MARKETING_VERSION = 1.0;
				PRODUCT_BUNDLE_IDENTIFIER = com.aisoft.SwiftEvolutionProposal;
				PRODUCT_NAME = "$(TARGET_NAME)";
				SWIFT_EMIT_LOC_STRINGS = YES;
				SWIFT_VERSION = 5.0;
				TARGETED_DEVICE_FAMILY = "1,2";
			};
			name = Release;
		};
		00553FA7277BACA8002325E6 /* Debug */ = {
			isa = XCBuildConfiguration;
			buildSettings = {
				ALWAYS_EMBED_SWIFT_STANDARD_LIBRARIES = YES;
				BUNDLE_LOADER = "$(TEST_HOST)";
				CODE_SIGN_STYLE = Automatic;
				CURRENT_PROJECT_VERSION = 1;
				DEVELOPMENT_TEAM = 6LCLXNHRLW;
				GENERATE_INFOPLIST_FILE = YES;
				IPHONEOS_DEPLOYMENT_TARGET = 15.2;
				MARKETING_VERSION = 1.0;
				PRODUCT_BUNDLE_IDENTIFIER = com.aisoft.SwiftEvolutionProposalTests;
				PRODUCT_NAME = "$(TARGET_NAME)";
				SWIFT_EMIT_LOC_STRINGS = NO;
				SWIFT_VERSION = 5.0;
				TARGETED_DEVICE_FAMILY = "1,2";
				TEST_HOST = "$(BUILT_PRODUCTS_DIR)/SwiftEvolutionProposal.app/SwiftEvolutionProposal";
			};
			name = Debug;
		};
		00553FA8277BACA8002325E6 /* Release */ = {
			isa = XCBuildConfiguration;
			buildSettings = {
				ALWAYS_EMBED_SWIFT_STANDARD_LIBRARIES = YES;
				BUNDLE_LOADER = "$(TEST_HOST)";
				CODE_SIGN_STYLE = Automatic;
				CURRENT_PROJECT_VERSION = 1;
				DEVELOPMENT_TEAM = 6LCLXNHRLW;
				GENERATE_INFOPLIST_FILE = YES;
				IPHONEOS_DEPLOYMENT_TARGET = 15.2;
				MARKETING_VERSION = 1.0;
				PRODUCT_BUNDLE_IDENTIFIER = com.aisoft.SwiftEvolutionProposalTests;
				PRODUCT_NAME = "$(TARGET_NAME)";
				SWIFT_EMIT_LOC_STRINGS = NO;
				SWIFT_VERSION = 5.0;
				TARGETED_DEVICE_FAMILY = "1,2";
				TEST_HOST = "$(BUILT_PRODUCTS_DIR)/SwiftEvolutionProposal.app/SwiftEvolutionProposal";
			};
			name = Release;
		};
		00553FAA277BACA8002325E6 /* Debug */ = {
			isa = XCBuildConfiguration;
			buildSettings = {
				ALWAYS_EMBED_SWIFT_STANDARD_LIBRARIES = YES;
				CODE_SIGN_STYLE = Automatic;
				CURRENT_PROJECT_VERSION = 1;
				DEVELOPMENT_TEAM = 6LCLXNHRLW;
				GENERATE_INFOPLIST_FILE = YES;
				MARKETING_VERSION = 1.0;
				PRODUCT_BUNDLE_IDENTIFIER = com.aisoft.SwiftEvolutionProposalUITests;
				PRODUCT_NAME = "$(TARGET_NAME)";
				SWIFT_EMIT_LOC_STRINGS = NO;
				SWIFT_VERSION = 5.0;
				TARGETED_DEVICE_FAMILY = "1,2";
				TEST_TARGET_NAME = SwiftEvolutionProposal;
			};
			name = Debug;
		};
		00553FAB277BACA8002325E6 /* Release */ = {
			isa = XCBuildConfiguration;
			buildSettings = {
				ALWAYS_EMBED_SWIFT_STANDARD_LIBRARIES = YES;
				CODE_SIGN_STYLE = Automatic;
				CURRENT_PROJECT_VERSION = 1;
				DEVELOPMENT_TEAM = 6LCLXNHRLW;
				GENERATE_INFOPLIST_FILE = YES;
				MARKETING_VERSION = 1.0;
				PRODUCT_BUNDLE_IDENTIFIER = com.aisoft.SwiftEvolutionProposalUITests;
				PRODUCT_NAME = "$(TARGET_NAME)";
				SWIFT_EMIT_LOC_STRINGS = NO;
				SWIFT_VERSION = 5.0;
				TARGETED_DEVICE_FAMILY = "1,2";
				TEST_TARGET_NAME = SwiftEvolutionProposal;
			};
			name = Release;
		};
/* End XCBuildConfiguration section */

/* Begin XCConfigurationList section */
		00553F74277BACA7002325E6 /* Build configuration list for PBXProject "SwiftEvolutionProposal" */ = {
			isa = XCConfigurationList;
			buildConfigurations = (
				00553FA1277BACA8002325E6 /* Debug */,
				00553FA2277BACA8002325E6 /* Release */,
			);
			defaultConfigurationIsVisible = 0;
			defaultConfigurationName = Release;
		};
		00553FA3277BACA8002325E6 /* Build configuration list for PBXNativeTarget "SwiftEvolutionProposal" */ = {
			isa = XCConfigurationList;
			buildConfigurations = (
				00553FA4277BACA8002325E6 /* Debug */,
				00553FA5277BACA8002325E6 /* Release */,
			);
			defaultConfigurationIsVisible = 0;
			defaultConfigurationName = Release;
		};
		00553FA6277BACA8002325E6 /* Build configuration list for PBXNativeTarget "SwiftEvolutionProposalTests" */ = {
			isa = XCConfigurationList;
			buildConfigurations = (
				00553FA7277BACA8002325E6 /* Debug */,
				00553FA8277BACA8002325E6 /* Release */,
			);
			defaultConfigurationIsVisible = 0;
			defaultConfigurationName = Release;
		};
		00553FA9277BACA8002325E6 /* Build configuration list for PBXNativeTarget "SwiftEvolutionProposalUITests" */ = {
			isa = XCConfigurationList;
			buildConfigurations = (
				00553FAA277BACA8002325E6 /* Debug */,
				00553FAB277BACA8002325E6 /* Release */,
			);
			defaultConfigurationIsVisible = 0;
			defaultConfigurationName = Release;
		};
/* End XCConfigurationList section */
	};
	rootObject = 00553F71277BACA7002325E6 /* Project object */;
}
